
Microsoft Visual Studio Solution File, Format Version 12.00
# Visual Studio 15
VisualStudioVersion = 15.0.28307.1209
MinimumVisualStudioVersion = 10.0.40219.1
Project("{F184B08F-C81C-45F6-A57F-5ABD9991F28F}") = "EditableCombo", "EditableCombo\EditableCombo.vbproj", "{2BD3ED70-46B1-468A-B716-ED0ABA879AC5}"
EndProject
Global
	GlobalSection(SolutionConfigurationPlatforms) = preSolution
		Debug|Any CPU = Debug|Any CPU
		Release|Any CPU = Release|Any CPU
	EndGlobalSection
	GlobalSection(ProjectConfigurationPlatforms) = postSolution
		{2BD3ED70-46B1-468A-B716-ED0ABA879AC5}.Debug|Any CPU.ActiveCfg = Debug|Any CPU
		{2BD3ED70-46B1-468A-B716-ED0ABA879AC5}.Debug|Any CPU.Build.0 = Debug|Any CPU
		{2BD3ED70-46B1-468A-B716-ED0ABA879AC5}.Release|Any CPU.ActiveCfg = Release|Any CPU
		{2BD3ED70-46B1-468A-B716-ED0ABA879AC5}.Release|Any CPU.Build.0 = Release|Any CPU
	EndGlobalSection
	GlobalSection(SolutionProperties) = preSolution
		HideSolutionNode = FALSE
	EndGlobalSection
	GlobalSection(ExtensibilityGlobals) = postSolution
		SolutionGuid = {FF511948-18DD-4FA8-A215-3AE96C17BB79}
	EndGlobalSection
EndGlobal
